# This file is automatically @generated by Cargo.
# It is not intended for manual editing.
version = 3

[[package]]
name = "peekmore"
version = "1.3.0"
source = "registry+https://github.com/rust-lang/crates.io-index"
checksum = "9163e1259760e83d528d1b3171e5100c1767f10c52e1c4d6afad26e63d47d758"

[[package]]
name = "proc-macro2"
version = "1.0.78"
source = "registry+https://github.com/rust-lang/crates.io-index"
checksum = "e2422ad645d89c99f8f3e6b88a9fdeca7fabeac836b1002371c4367c8f984aae"
dependencies = [
 "unicode-ident",
]

[[package]]
name = "rast"
version = "0.1.0-alpha.0"
source = "registry+https://github.com/rust-lang/crates.io-index"
checksum = "edc37758109ccff4d878d753f02e21d463247b7be688dc2c15e72b5d4756f70d"

[[package]]
name = "rast-macro"
version = "0.1.0"
dependencies = [
 "peekmore",
 "proc-macro2",
 "rast",
]

[[package]]
name = "unicode-ident"
version = "1.0.12"
source = "registry+https://github.com/rust-lang/crates.io-index"
checksum = "3354b9ac3fae1ff6755cb6db53683adb661634f67557942dea4facebec0fee4b"
